
Microsoft Visual Studio Solution File, Format Version 12.00
# Visual Studio Version 17
VisualStudioVersion = 17.9.34616.47
MinimumVisualStudioVersion = 10.0.40219.1
Project("{FAE04EC0-301F-11D3-BF4B-00C04F79EFBC}") = "ExamenPrograA_2", "ExamenPrograA_2\ExamenPrograA_2.csproj", "{B81B8A49-9B2E-416B-8E51-96F2C4B65507}"
EndProject
Global
	GlobalSection(SolutionConfigurationPlatforms) = preSolution
		Debug|Any CPU = Debug|Any CPU
		Release|Any CPU = Release|Any CPU
	EndGlobalSection
	GlobalSection(ProjectConfigurationPlatforms) = postSolution
		{B81B8A49-9B2E-416B-8E51-96F2C4B65507}.Debug|Any CPU.ActiveCfg = Debug|Any CPU
		{B81B8A49-9B2E-416B-8E51-96F2C4B65507}.Debug|Any CPU.Build.0 = Debug|Any CPU
		{B81B8A49-9B2E-416B-8E51-96F2C4B65507}.Release|Any CPU.ActiveCfg = Release|Any CPU
		{B81B8A49-9B2E-416B-8E51-96F2C4B65507}.Release|Any CPU.Build.0 = Release|Any CPU
	EndGlobalSection
	GlobalSection(SolutionProperties) = preSolution
		HideSolutionNode = FALSE
	EndGlobalSection
	GlobalSection(ExtensibilityGlobals) = postSolution
		SolutionGuid = {60CF4DAE-2E23-43B5-B2FE-66725D96BEDF}
	EndGlobalSection
EndGlobal
